
Microsoft Visual Studio Solution File, Format Version 12.00
Project("{F2A71F9B-5D33-465A-A702-920D77279786}") = "FSGroupAlgebra", "FSGroupAlgebra\FSGroupAlgebra.fsproj", "{2EC9657A-3580-4426-B8C7-7709E698D804}"
EndProject
Global
	GlobalSection(SolutionConfigurationPlatforms) = preSolution
		Debug|Any CPU = Debug|Any CPU
		Release|Any CPU = Release|Any CPU
	EndGlobalSection
	GlobalSection(ProjectConfigurationPlatforms) = postSolution
		{2EC9657A-3580-4426-B8C7-7709E698D804}.Debug|Any CPU.ActiveCfg = Debug|Any CPU
		{2EC9657A-3580-4426-B8C7-7709E698D804}.Debug|Any CPU.Build.0 = Debug|Any CPU
		{2EC9657A-3580-4426-B8C7-7709E698D804}.Release|Any CPU.ActiveCfg = Release|Any CPU
		{2EC9657A-3580-4426-B8C7-7709E698D804}.Release|Any CPU.Build.0 = Release|Any CPU
	EndGlobalSection
EndGlobal
